// !$*UTF8*$!
{
	archiveVersion = 1;
	classes = {
	};
	objectVersion = 50;
	objects = {

/* Begin PBXBuildFile section */
		1AEB84A52091CE560092BCCC /* AppDelegate.swift in Sources */ = {isa = PBXBuildFile; fileRef = 1AEB84A42091CE560092BCCC /* AppDelegate.swift */; };
		1AEB84A72091CE560092BCCC /* ViewController.swift in Sources */ = {isa = PBXBuildFile; fileRef = 1AEB84A62091CE560092BCCC /* ViewController.swift */; };
		1AEB84AA2091CE560092BCCC /* Main.storyboard in Resources */ = {isa = PBXBuildFile; fileRef = 1AEB84A82091CE560092BCCC /* Main.storyboard */; };
		1AEB84AC2091CE570092BCCC /* Assets.xcassets in Resources */ = {isa = PBXBuildFile; fileRef = 1AEB84AB2091CE570092BCCC /* Assets.xcassets */; };
		1AEB84AF2091CE570092BCCC /* LaunchScreen.storyboard in Resources */ = {isa = PBXBuildFile; fileRef = 1AEB84AD2091CE570092BCCC /* LaunchScreen.storyboard */; };
		1AEB84BA2091CE570092BCCC /* FlowGraphTests.swift in Sources */ = {isa = PBXBuildFile; fileRef = 1AEB84B92091CE570092BCCC /* FlowGraphTests.swift */; };
		1AEB84C52091CEFE0092BCCC /* FlowGraph.swift in Sources */ = {isa = PBXBuildFile; fileRef = 1AEB84C42091CEFE0092BCCC /* FlowGraph.swift */; };
		1AEB84C72091CF9F0092BCCC /* EnumEnumerable.swift in Sources */ = {isa = PBXBuildFile; fileRef = 1AEB84C62091CF9F0092BCCC /* EnumEnumerable.swift */; };
/* End PBXBuildFile section */

/* Begin PBXContainerItemProxy section */
		1AEB84B62091CE570092BCCC /* PBXContainerItemProxy */ = {
			isa = PBXContainerItemProxy;
			containerPortal = 1AEB84992091CE560092BCCC /* Project object */;
			proxyType = 1;
			remoteGlobalIDString = 1AEB84A02091CE560092BCCC;
			remoteInfo = SwiftFlowGraphExample;
		};
/* End PBXContainerItemProxy section */

/* Begin PBXFileReference section */
		1AEB84A12091CE560092BCCC /* SwiftFlowGraphExample.app */ = {isa = PBXFileReference; explicitFileType = wrapper.application; includeInIndex = 0; path = SwiftFlowGraphExample.app; sourceTree = BUILT_PRODUCTS_DIR; };
		1AEB84A42091CE560092BCCC /* AppDelegate.swift */ = {isa = PBXFileReference; lastKnownFileType = sourcecode.swift; path = AppDelegate.swift; sourceTree = "<group>"; };
		1AEB84A62091CE560092BCCC /* ViewController.swift */ = {isa = PBXFileReference; lastKnownFileType = sourcecode.swift; path = ViewController.swift; sourceTree = "<group>"; };
		1AEB84A92091CE560092BCCC /* Base */ = {isa = PBXFileReference; lastKnownFileType = file.storyboard; name = Base; path = Base.lproj/Main.storyboard; sourceTree = "<group>"; };
		1AEB84AB2091CE570092BCCC /* Assets.xcassets */ = {isa = PBXFileReference; lastKnownFileType = folder.assetcatalog; path = Assets.xcassets; sourceTree = "<group>"; };
		1AEB84AE2091CE570092BCCC /* Base */ = {isa = PBXFileReference; lastKnownFileType = file.storyboard; name = Base; path = Base.lproj/LaunchScreen.storyboard; sourceTree = "<group>"; };
		1AEB84B02091CE570092BCCC /* Info.plist */ = {isa = PBXFileReference; lastKnownFileType = text.plist.xml; path = Info.plist; sourceTree = "<group>"; };
		1AEB84B52091CE570092BCCC /* SwiftFlowGraphExampleTests.xctest */ = {isa = PBXFileReference; explicitFileType = wrapper.cfbundle; includeInIndex = 0; path = SwiftFlowGraphExampleTests.xctest; sourceTree = BUILT_PRODUCTS_DIR; };
		1AEB84B92091CE570092BCCC /* FlowGraphTests.swift */ = {isa = PBXFileReference; lastKnownFileType = sourcecode.swift; path = FlowGraphTests.swift; sourceTree = "<group>"; };
		1AEB84BB2091CE570092BCCC /* Info.plist */ = {isa = PBXFileReference; lastKnownFileType = text.plist.xml; path = Info.plist; sourceTree = "<group>"; };
		1AEB84C42091CEFE0092BCCC /* FlowGraph.swift */ = {isa = PBXFileReference; fileEncoding = 4; lastKnownFileType = sourcecode.swift; name = FlowGraph.swift; path = ../../FlowGraph/FlowGraph.swift; sourceTree = "<group>"; };
		1AEB84C62091CF9F0092BCCC /* EnumEnumerable.swift */ = {isa = PBXFileReference; fileEncoding = 4; lastKnownFileType = sourcecode.swift; path = EnumEnumerable.swift; sourceTree = "<group>"; };
/* End PBXFileReference section */

/* Begin PBXFrameworksBuildPhase section */
		1AEB849E2091CE560092BCCC /* Frameworks */ = {
			isa = PBXFrameworksBuildPhase;
			buildActionMask = 2147483647;
			files = (
			);
			runOnlyForDeploymentPostprocessing = 0;
		};
		1AEB84B22091CE570092BCCC /* Frameworks */ = {
			isa = PBXFrameworksBuildPhase;
			buildActionMask = 2147483647;
			files = (
			);
			runOnlyForDeploymentPostprocessing = 0;
		};
/* End PBXFrameworksBuildPhase section */

/* Begin PBXGroup section */
		1AEB84982091CE560092BCCC = {
			isa = PBXGroup;
			children = (
				1AEB84A32091CE560092BCCC /* SwiftFlowGraphExample */,
				1AEB84B82091CE570092BCCC /* SwiftFlowGraphExampleTests */,
				1AEB84A22091CE560092BCCC /* Products */,
			);
			sourceTree = "<group>";
		};
		1AEB84A22091CE560092BCCC /* Products */ = {
			isa = PBXGroup;
			children = (
				1AEB84A12091CE560092BCCC /* SwiftFlowGraphExample.app */,
				1AEB84B52091CE570092BCCC /* SwiftFlowGraphExampleTests.xctest */,
			);
			name = Products;
			sourceTree = "<group>";
		};
		1AEB84A32091CE560092BCCC /* SwiftFlowGraphExample */ = {
			isa = PBXGroup;
			children = (
				1AEB84C42091CEFE0092BCCC /* FlowGraph.swift */,
				1AEB84A42091CE560092BCCC /* AppDelegate.swift */,
				1AEB84A62091CE560092BCCC /* ViewController.swift */,
				1AEB84A82091CE560092BCCC /* Main.storyboard */,
				1AEB84AB2091CE570092BCCC /* Assets.xcassets */,
				1AEB84AD2091CE570092BCCC /* LaunchScreen.storyboard */,
				1AEB84B02091CE570092BCCC /* Info.plist */,
			);
			path = SwiftFlowGraphExample;
			sourceTree = "<group>";
		};
		1AEB84B82091CE570092BCCC /* SwiftFlowGraphExampleTests */ = {
			isa = PBXGroup;
			children = (
				1AEB84C62091CF9F0092BCCC /* EnumEnumerable.swift */,
				1AEB84B92091CE570092BCCC /* FlowGraphTests.swift */,
				1AEB84BB2091CE570092BCCC /* Info.plist */,
			);
			path = SwiftFlowGraphExampleTests;
			sourceTree = "<group>";
		};
/* End PBXGroup section */

/* Begin PBXNativeTarget section */
		1AEB84A02091CE560092BCCC /* SwiftFlowGraphExample */ = {
			isa = PBXNativeTarget;
			buildConfigurationList = 1AEB84BE2091CE570092BCCC /* Build configuration list for PBXNativeTarget "SwiftFlowGraphExample" */;
			buildPhases = (
				1AEB849D2091CE560092BCCC /* Sources */,
				1AEB849E2091CE560092BCCC /* Frameworks */,
				1AEB849F2091CE560092BCCC /* Resources */,
			);
			buildRules = (
			);
			dependencies = (
			);
			name = SwiftFlowGraphExample;
			productName = SwiftFlowGraphExample;
			productReference = 1AEB84A12091CE560092BCCC /* SwiftFlowGraphExample.app */;
			productType = "com.apple.product-type.application";
		};
		1AEB84B42091CE570092BCCC /* SwiftFlowGraphExampleTests */ = {
			isa = PBXNativeTarget;
			buildConfigurationList = 1AEB84C12091CE570092BCCC /* Build configuration list for PBXNativeTarget "SwiftFlowGraphExampleTests" */;
			buildPhases = (
				1AEB84B12091CE570092BCCC /* Sources */,
				1AEB84B22091CE570092BCCC /* Frameworks */,
				1AEB84B32091CE570092BCCC /* Resources */,
			);
			buildRules = (
			);
			dependencies = (
				1AEB84B72091CE570092BCCC /* PBXTargetDependency */,
			);
			name = SwiftFlowGraphExampleTests;
			productName = SwiftFlowGraphExampleTests;
			productReference = 1AEB84B52091CE570092BCCC /* SwiftFlowGraphExampleTests.xctest */;
			productType = "com.apple.product-type.bundle.unit-test";
		};
/* End PBXNativeTarget section */

/* Begin PBXProject section */
		1AEB84992091CE560092BCCC /* Project object */ = {
			isa = PBXProject;
			attributes = {
				LastSwiftUpdateCheck = 0930;
				LastUpgradeCheck = 0930;
				ORGANIZATIONNAME = "Yuki Yasoshima";
				TargetAttributes = {
					1AEB84A02091CE560092BCCC = {
						CreatedOnToolsVersion = 9.3;
					};
					1AEB84B42091CE570092BCCC = {
						CreatedOnToolsVersion = 9.3;
						TestTargetID = 1AEB84A02091CE560092BCCC;
					};
				};
			};
			buildConfigurationList = 1AEB849C2091CE560092BCCC /* Build configuration list for PBXProject "SwiftFlowGraphExample" */;
			compatibilityVersion = "Xcode 9.3";
			developmentRegion = en;
			hasScannedForEncodings = 0;
			knownRegions = (
				en,
				Base,
			);
			mainGroup = 1AEB84982091CE560092BCCC;
			productRefGroup = 1AEB84A22091CE560092BCCC /* Products */;
			projectDirPath = "";
			projectRoot = "";
			targets = (
				1AEB84A02091CE560092BCCC /* SwiftFlowGraphExample */,
				1AEB84B42091CE570092BCCC /* SwiftFlowGraphExampleTests */,
			);
		};
/* End PBXProject section */

/* Begin PBXResourcesBuildPhase section */
		1AEB849F2091CE560092BCCC /* Resources */ = {
			isa = PBXResourcesBuildPhase;
			buildActionMask = 2147483647;
			files = (
				1AEB84AF2091CE570092BCCC /* LaunchScreen.storyboard in Resources */,
				1AEB84AC2091CE570092BCCC /* Assets.xcassets in Resources */,
				1AEB84AA2091CE560092BCCC /* Main.storyboard in Resources */,
			);
			runOnlyForDeploymentPostprocessing = 0;
		};
		1AEB84B32091CE570092BCCC /* Resources */ = {
			isa = PBXResourcesBuildPhase;
			buildActionMask = 2147483647;
			files = (
			);
			runOnlyForDeploymentPostprocessing = 0;
		};
/* End PBXResourcesBuildPhase section */

/* Begin PBXSourcesBuildPhase section */
		1AEB849D2091CE560092BCCC /* Sources */ = {
			isa = PBXSourcesBuildPhase;
			buildActionMask = 2147483647;
			files = (
				1AEB84A72091CE560092BCCC /* ViewController.swift in Sources */,
				1AEB84A52091CE560092BCCC /* AppDelegate.swift in Sources */,
				1AEB84C52091CEFE0092BCCC /* FlowGraph.swift in Sources */,
			);
			runOnlyForDeploymentPostprocessing = 0;
		};
		1AEB84B12091CE570092BCCC /* Sources */ = {
			isa = PBXSourcesBuildPhase;
			buildActionMask = 2147483647;
			files = (
				1AEB84C72091CF9F0092BCCC /* EnumEnumerable.swift in Sources */,
				1AEB84BA2091CE570092BCCC /* FlowGraphTests.swift in Sources */,
			);
			runOnlyForDeploymentPostprocessing = 0;
		};
/* End PBXSourcesBuildPhase section */

/* Begin PBXTargetDependency section */
		1AEB84B72091CE570092BCCC /* PBXTargetDependency */ = {
			isa = PBXTargetDependency;
			target = 1AEB84A02091CE560092BCCC /* SwiftFlowGraphExample */;
			targetProxy = 1AEB84B62091CE570092BCCC /* PBXContainerItemProxy */;
		};
/* End PBXTargetDependency section */

/* Begin PBXVariantGroup section */
		1AEB84A82091CE560092BCCC /* Main.storyboard */ = {
			isa = PBXVariantGroup;
			children = (
				1AEB84A92091CE560092BCCC /* Base */,
			);
			name = Main.storyboard;
			sourceTree = "<group>";
		};
		1AEB84AD2091CE570092BCCC /* LaunchScreen.storyboard */ = {
			isa = PBXVariantGroup;
			children = (
				1AEB84AE2091CE570092BCCC /* Base */,
			);
			name = LaunchScreen.storyboard;
			sourceTree = "<group>";
		};
/* End PBXVariantGroup section */

/* Begin XCBuildConfiguration section */
		1AEB84BC2091CE570092BCCC /* Debug */ = {
			isa = XCBuildConfiguration;
			buildSettings = {
				ALWAYS_SEARCH_USER_PATHS = NO;
				CLANG_ANALYZER_NONNULL = YES;
				CLANG_ANALYZER_NUMBER_OBJECT_CONVERSION = YES_AGGRESSIVE;
				CLANG_CXX_LANGUAGE_STANDARD = "gnu++14";
				CLANG_CXX_LIBRARY = "libc++";
				CLANG_ENABLE_MODULES = YES;
				CLANG_ENABLE_OBJC_ARC = YES;
				CLANG_ENABLE_OBJC_WEAK = YES;
				CLANG_WARN_BLOCK_CAPTURE_AUTORELEASING = YES;
				CLANG_WARN_BOOL_CONVERSION = YES;
				CLANG_WARN_COMMA = YES;
				CLANG_WARN_CONSTANT_CONVERSION = YES;
				CLANG_WARN_DEPRECATED_OBJC_IMPLEMENTATIONS = YES;
				CLANG_WARN_DIRECT_OBJC_ISA_USAGE = YES_ERROR;
				CLANG_WARN_DOCUMENTATION_COMMENTS = YES;
				CLANG_WARN_EMPTY_BODY = YES;
				CLANG_WARN_ENUM_CONVERSION = YES;
				CLANG_WARN_INFINITE_RECURSION = YES;
				CLANG_WARN_INT_CONVERSION = YES;
				CLANG_WARN_NON_LITERAL_NULL_CONVERSION = YES;
				CLANG_WARN_OBJC_IMPLICIT_RETAIN_SELF = YES;
				CLANG_WARN_OBJC_LITERAL_CONVERSION = YES;
				CLANG_WARN_OBJC_ROOT_CLASS = YES_ERROR;
				CLANG_WARN_RANGE_LOOP_ANALYSIS = YES;
				CLANG_WARN_STRICT_PROTOTYPES = YES;
				CLANG_WARN_SUSPICIOUS_MOVE = YES;
				CLANG_WARN_UNGUARDED_AVAILABILITY = YES_AGGRESSIVE;
				CLANG_WARN_UNREACHABLE_CODE = YES;
				CLANG_WARN__DUPLICATE_METHOD_MATCH = YES;
				CODE_SIGN_IDENTITY = "iPhone Developer";
				COPY_PHASE_STRIP = NO;
				DEBUG_INFORMATION_FORMAT = dwarf;
				ENABLE_STRICT_OBJC_MSGSEND = YES;
				ENABLE_TESTABILITY = YES;
				GCC_C_LANGUAGE_STANDARD = gnu11;
				GCC_DYNAMIC_NO_PIC = NO;
				GCC_NO_COMMON_BLOCKS = YES;
				GCC_OPTIMIZATION_LEVEL = 0;
				GCC_PREPROCESSOR_DEFINITIONS = (
					"DEBUG=1",
					"$(inherited)",
				);
				GCC_WARN_64_TO_32_BIT_CONVERSION = YES;
				GCC_WARN_ABOUT_RETURN_TYPE = YES_ERROR;
				GCC_WARN_UNDECLARED_SELECTOR = YES;
				GCC_WARN_UNINITIALIZED_AUTOS = YES_AGGRESSIVE;
				GCC_WARN_UNUSED_FUNCTION = YES;
				GCC_WARN_UNUSED_VARIABLE = YES;
				IPHONEOS_DEPLOYMENT_TARGET = 11.3;
				MTL_ENABLE_DEBUG_INFO = YES;
				ONLY_ACTIVE_ARCH = YES;
				SDKROOT = iphoneos;
				SWIFT_ACTIVE_COMPILATION_CONDITIONS = DEBUG;
				SWIFT_OPTIMIZATION_LEVEL = "-Onone";
			};
			name = Debug;
		};
		1AEB84BD2091CE570092BCCC /* Release */ = {
			isa = XCBuildConfiguration;
			buildSettings = {
				ALWAYS_SEARCH_USER_PATHS = NO;
				CLANG_ANALYZER_NONNULL = YES;
				CLANG_ANALYZER_NUMBER_OBJECT_CONVERSION = YES_AGGRESSIVE;
				CLANG_CXX_LANGUAGE_STANDARD = "gnu++14";
				CLANG_CXX_LIBRARY = "libc++";
				CLANG_ENABLE_MODULES = YES;
				CLANG_ENABLE_OBJC_ARC = YES;
				CLANG_ENABLE_OBJC_WEAK = YES;
				CLANG_WARN_BLOCK_CAPTURE_AUTORELEASING = YES;
				CLANG_WARN_BOOL_CONVERSION = YES;
				CLANG_WARN_COMMA = YES;
				CLANG_WARN_CONSTANT_CONVERSION = YES;
				CLANG_WARN_DEPRECATED_OBJC_IMPLEMENTATIONS = YES;
				CLANG_WARN_DIRECT_OBJC_ISA_USAGE = YES_ERROR;
				CLANG_WARN_DOCUMENTATION_COMMENTS = YES;
				CLANG_WARN_EMPTY_BODY = YES;
				CLANG_WARN_ENUM_CONVERSION = YES;
				CLANG_WARN_INFINITE_RECURSION = YES;
				CLANG_WARN_INT_CONVERSION = YES;
				CLANG_WARN_NON_LITERAL_NULL_CONVERSION = YES;
				CLANG_WARN_OBJC_IMPLICIT_RETAIN_SELF = YES;
				CLANG_WARN_OBJC_LITERAL_CONVERSION = YES;
				CLANG_WARN_OBJC_ROOT_CLASS = YES_ERROR;
				CLANG_WARN_RANGE_LOOP_ANALYSIS = YES;
				CLANG_WARN_STRICT_PROTOTYPES = YES;
				CLANG_WARN_SUSPICIOUS_MOVE = YES;
				CLANG_WARN_UNGUARDED_AVAILABILITY = YES_AGGRESSIVE;
				CLANG_WARN_UNREACHABLE_CODE = YES;
				CLANG_WARN__DUPLICATE_METHOD_MATCH = YES;
				CODE_SIGN_IDENTITY = "iPhone Developer";
				COPY_PHASE_STRIP = NO;
				DEBUG_INFORMATION_FORMAT = "dwarf-with-dsym";
				ENABLE_NS_ASSERTIONS = NO;
				ENABLE_STRICT_OBJC_MSGSEND = YES;
				GCC_C_LANGUAGE_STANDARD = gnu11;
				GCC_NO_COMMON_BLOCKS = YES;
				GCC_WARN_64_TO_32_BIT_CONVERSION = YES;
				GCC_WARN_ABOUT_RETURN_TYPE = YES_ERROR;
				GCC_WARN_UNDECLARED_SELECTOR = YES;
				GCC_WARN_UNINITIALIZED_AUTOS = YES_AGGRESSIVE;
				GCC_WARN_UNUSED_FUNCTION = YES;
				GCC_WARN_UNUSED_VARIABLE = YES;
				IPHONEOS_DEPLOYMENT_TARGET = 11.3;
				MTL_ENABLE_DEBUG_INFO = NO;
				SDKROOT = iphoneos;
				SWIFT_COMPILATION_MODE = wholemodule;
				SWIFT_OPTIMIZATION_LEVEL = "-O";
				VALIDATE_PRODUCT = YES;
			};
			name = Release;
		};
		1AEB84BF2091CE570092BCCC /* Debug */ = {
			isa = XCBuildConfiguration;
			buildSettings = {
				ASSETCATALOG_COMPILER_APPICON_NAME = AppIcon;
				CODE_SIGN_STYLE = Automatic;
				INFOPLIST_FILE = SwiftFlowGraphExample/Info.plist;
				LD_RUNPATH_SEARCH_PATHS = (
					"$(inherited)",
					"@executable_path/Frameworks",
				);
				PRODUCT_BUNDLE_IDENTIFIER = "jp.objective-audio.SwiftFlowGraphExample";
				PRODUCT_NAME = "$(TARGET_NAME)";
				SWIFT_VERSION = 4.0;
				TARGETED_DEVICE_FAMILY = "1,2";
			};
			name = Debug;
		};
		1AEB84C02091CE570092BCCC /* Release */ = {
			isa = XCBuildConfiguration;
			buildSettings = {
				ASSETCATALOG_COMPILER_APPICON_NAME = AppIcon;
				CODE_SIGN_STYLE = Automatic;
				INFOPLIST_FILE = SwiftFlowGraphExample/Info.plist;
				LD_RUNPATH_SEARCH_PATHS = (
					"$(inherited)",
					"@executable_path/Frameworks",
				);
				PRODUCT_BUNDLE_IDENTIFIER = "jp.objective-audio.SwiftFlowGraphExample";
				PRODUCT_NAME = "$(TARGET_NAME)";
				SWIFT_VERSION = 4.0;
				TARGETED_DEVICE_FAMILY = "1,2";
			};
			name = Release;
		};
		1AEB84C22091CE570092BCCC /* Debug */ = {
			isa = XCBuildConfiguration;
			buildSettings = {
				ALWAYS_EMBED_SWIFT_STANDARD_LIBRARIES = YES;
				BUNDLE_LOADER = "$(TEST_HOST)";
				CODE_SIGN_STYLE = Automatic;
				INFOPLIST_FILE = SwiftFlowGraphExampleTests/Info.plist;
				LD_RUNPATH_SEARCH_PATHS = (
					"$(inherited)",
					"@executable_path/Frameworks",
					"@loader_path/Frameworks",
				);
				PRODUCT_BUNDLE_IDENTIFIER = "jp.objective-audio.SwiftFlowGraphExampleTests";
				PRODUCT_NAME = "$(TARGET_NAME)";
				SWIFT_VERSION = 4.0;
				TARGETED_DEVICE_FAMILY = "1,2";
				TEST_HOST = "$(BUILT_PRODUCTS_DIR)/SwiftFlowGraphExample.app/SwiftFlowGraphExample";
			};
			name = Debug;
		};
		1AEB84C32091CE570092BCCC /* Release */ = {
			isa = XCBuildConfiguration;
			buildSettings = {
				ALWAYS_EMBED_SWIFT_STANDARD_LIBRARIES = YES;
				BUNDLE_LOADER = "$(TEST_HOST)";
				CODE_SIGN_STYLE = Automatic;
				INFOPLIST_FILE = SwiftFlowGraphExampleTests/Info.plist;
				LD_RUNPATH_SEARCH_PATHS = (
					"$(inherited)",
					"@executable_path/Frameworks",
					"@loader_path/Frameworks",
				);
				PRODUCT_BUNDLE_IDENTIFIER = "jp.objective-audio.SwiftFlowGraphExampleTests";
				PRODUCT_NAME = "$(TARGET_NAME)";
				SWIFT_VERSION = 4.0;
				TARGETED_DEVICE_FAMILY = "1,2";
				TEST_HOST = "$(BUILT_PRODUCTS_DIR)/SwiftFlowGraphExample.app/SwiftFlowGraphExample";
			};
			name = Release;
		};
/* End XCBuildConfiguration section */

/* Begin XCConfigurationList section */
		1AEB849C2091CE560092BCCC /* Build configuration list for PBXProject "SwiftFlowGraphExample" */ = {
			isa = XCConfigurationList;
			buildConfigurations = (
				1AEB84BC2091CE570092BCCC /* Debug */,
				1AEB84BD2091CE570092BCCC /* Release */,
			);
			defaultConfigurationIsVisible = 0;
			defaultConfigurationName = Release;
		};
		1AEB84BE2091CE570092BCCC /* Build configuration list for PBXNativeTarget "SwiftFlowGraphExample" */ = {
			isa = XCConfigurationList;
			buildConfigurations = (
				1AEB84BF2091CE570092BCCC /* Debug */,
				1AEB84C02091CE570092BCCC /* Release */,
			);
			defaultConfigurationIsVisible = 0;
			defaultConfigurationName = Release;
		};
		1AEB84C12091CE570092BCCC /* Build configuration list for PBXNativeTarget "SwiftFlowGraphExampleTests" */ = {
			isa = XCConfigurationList;
			buildConfigurations = (
				1AEB84C22091CE570092BCCC /* Debug */,
				1AEB84C32091CE570092BCCC /* Release */,
			);
			defaultConfigurationIsVisible = 0;
			defaultConfigurationName = Release;
		};
/* End XCConfigurationList section */
	};
	rootObject = 1AEB84992091CE560092BCCC /* Project object */;
}
